// !$*UTF8*$!
{
	archiveVersion = 1;
	classes = {
	};
	objectVersion = 50;
	objects = {

/* Begin PBXBuildFile section */
		812B7E1F26F5E6C500495050 /* AppDelegate.m in Sources */ = {isa = PBXBuildFile; fileRef = 812B7E1E26F5E6C500495050 /* AppDelegate.m */; };
		812B7E2226F5E6C500495050 /* SceneDelegate.m in Sources */ = {isa = PBXBuildFile; fileRef = 812B7E2126F5E6C500495050 /* SceneDelegate.m */; };
		812B7E2526F5E6C500495050 /* ViewController.m in Sources */ = {isa = PBXBuildFile; fileRef = 812B7E2426F5E6C500495050 /* ViewController.m */; };
		812B7E2826F5E6C500495050 /* Main.storyboard in Resources */ = {isa = PBXBuildFile; fileRef = 812B7E2626F5E6C500495050 /* Main.storyboard */; };
		812B7E2A26F5E6C900495050 /* Assets.xcassets in Resources */ = {isa = PBXBuildFile; fileRef = 812B7E2926F5E6C900495050 /* Assets.xcassets */; };
		812B7E2D26F5E6C900495050 /* LaunchScreen.storyboard in Resources */ = {isa = PBXBuildFile; fileRef = 812B7E2B26F5E6C900495050 /* LaunchScreen.storyboard */; };
		812B7E3026F5E6C900495050 /* main.m in Sources */ = {isa = PBXBuildFile; fileRef = 812B7E2F26F5E6C900495050 /* main.m */; };
		812B7E3C26F97EC700495050 /* source.plist in Resources */ = {isa = PBXBuildFile; fileRef = 812B7E3B26F97EC700495050 /* source.plist */; };
		812B7E3F26F97EE500495050 /* prefetch.m in Sources */ = {isa = PBXBuildFile; fileRef = 812B7E3E26F97EE500495050 /* prefetch.m */; };
		81AE2404270DAE5600E08669 /* myTableViewCell.m in Sources */ = {isa = PBXBuildFile; fileRef = 81AE2403270DAE5600E08669 /* myTableViewCell.m */; };
/* End PBXBuildFile section */

/* Begin PBXFileReference section */
		812B7E1A26F5E6C500495050 /* UITableViewDemo.app */ = {isa = PBXFileReference; explicitFileType = wrapper.application; includeInIndex = 0; path = UITableViewDemo.app; sourceTree = BUILT_PRODUCTS_DIR; };
		812B7E1D26F5E6C500495050 /* AppDelegate.h */ = {isa = PBXFileReference; lastKnownFileType = sourcecode.c.h; path = AppDelegate.h; sourceTree = "<group>"; };
		812B7E1E26F5E6C500495050 /* AppDelegate.m */ = {isa = PBXFileReference; lastKnownFileType = sourcecode.c.objc; path = AppDelegate.m; sourceTree = "<group>"; };
		812B7E2026F5E6C500495050 /* SceneDelegate.h */ = {isa = PBXFileReference; lastKnownFileType = sourcecode.c.h; path = SceneDelegate.h; sourceTree = "<group>"; };
		812B7E2126F5E6C500495050 /* SceneDelegate.m */ = {isa = PBXFileReference; lastKnownFileType = sourcecode.c.objc; path = SceneDelegate.m; sourceTree = "<group>"; };
		812B7E2326F5E6C500495050 /* ViewController.h */ = {isa = PBXFileReference; lastKnownFileType = sourcecode.c.h; path = ViewController.h; sourceTree = "<group>"; };
		812B7E2426F5E6C500495050 /* ViewController.m */ = {isa = PBXFileReference; lastKnownFileType = sourcecode.c.objc; path = ViewController.m; sourceTree = "<group>"; };
		812B7E2726F5E6C500495050 /* Base */ = {isa = PBXFileReference; lastKnownFileType = file.storyboard; name = Base; path = Base.lproj/Main.storyboard; sourceTree = "<group>"; };
		812B7E2926F5E6C900495050 /* Assets.xcassets */ = {isa = PBXFileReference; lastKnownFileType = folder.assetcatalog; path = Assets.xcassets; sourceTree = "<group>"; };
		812B7E2C26F5E6C900495050 /* Base */ = {isa = PBXFileReference; lastKnownFileType = file.storyboard; name = Base; path = Base.lproj/LaunchScreen.storyboard; sourceTree = "<group>"; };
		812B7E2E26F5E6C900495050 /* Info.plist */ = {isa = PBXFileReference; lastKnownFileType = text.plist.xml; path = Info.plist; sourceTree = "<group>"; };
		812B7E2F26F5E6C900495050 /* main.m */ = {isa = PBXFileReference; lastKnownFileType = sourcecode.c.objc; path = main.m; sourceTree = "<group>"; };
		812B7E3B26F97EC700495050 /* source.plist */ = {isa = PBXFileReference; fileEncoding = 4; lastKnownFileType = text.plist.xml; path = source.plist; sourceTree = "<group>"; };
		812B7E3D26F97EE500495050 /* prefetch.h */ = {isa = PBXFileReference; lastKnownFileType = sourcecode.c.h; path = prefetch.h; sourceTree = "<group>"; };
		812B7E3E26F97EE500495050 /* prefetch.m */ = {isa = PBXFileReference; lastKnownFileType = sourcecode.c.objc; path = prefetch.m; sourceTree = "<group>"; };
		81AE2402270DAE5600E08669 /* myTableViewCell.h */ = {isa = PBXFileReference; lastKnownFileType = sourcecode.c.h; path = myTableViewCell.h; sourceTree = "<group>"; };
		81AE2403270DAE5600E08669 /* myTableViewCell.m */ = {isa = PBXFileReference; lastKnownFileType = sourcecode.c.objc; path = myTableViewCell.m; sourceTree = "<group>"; };
/* End PBXFileReference section */

/* Begin PBXFrameworksBuildPhase section */
		812B7E1726F5E6C500495050 /* Frameworks */ = {
			isa = PBXFrameworksBuildPhase;
			buildActionMask = 2147483647;
			files = (
			);
			runOnlyForDeploymentPostprocessing = 0;
		};
/* End PBXFrameworksBuildPhase section */

/* Begin PBXGroup section */
		812B7E1126F5E6C500495050 = {
			isa = PBXGroup;
			children = (
				812B7E1C26F5E6C500495050 /* UITableViewDemo */,
				812B7E1B26F5E6C500495050 /* Products */,
			);
			sourceTree = "<group>";
		};
		812B7E1B26F5E6C500495050 /* Products */ = {
			isa = PBXGroup;
			children = (
				812B7E1A26F5E6C500495050 /* UITableViewDemo.app */,
			);
			name = Products;
			sourceTree = "<group>";
		};
		812B7E1C26F5E6C500495050 /* UITableViewDemo */ = {
			isa = PBXGroup;
			children = (
				812B7E3B26F97EC700495050 /* source.plist */,
				812B7E1D26F5E6C500495050 /* AppDelegate.h */,
				812B7E1E26F5E6C500495050 /* AppDelegate.m */,
				812B7E2026F5E6C500495050 /* SceneDelegate.h */,
				812B7E2126F5E6C500495050 /* SceneDelegate.m */,
				812B7E2326F5E6C500495050 /* ViewController.h */,
				812B7E2426F5E6C500495050 /* ViewController.m */,
				812B7E2626F5E6C500495050 /* Main.storyboard */,
				812B7E2926F5E6C900495050 /* Assets.xcassets */,
				812B7E2B26F5E6C900495050 /* LaunchScreen.storyboard */,
				812B7E2E26F5E6C900495050 /* Info.plist */,
				812B7E2F26F5E6C900495050 /* main.m */,
				812B7E3D26F97EE500495050 /* prefetch.h */,
				812B7E3E26F97EE500495050 /* prefetch.m */,
				81AE2402270DAE5600E08669 /* myTableViewCell.h */,
				81AE2403270DAE5600E08669 /* myTableViewCell.m */,
			);
			path = UITableViewDemo;
			sourceTree = "<group>";
		};
/* End PBXGroup section */

/* Begin PBXNativeTarget section */
		812B7E1926F5E6C500495050 /* UITableViewDemo */ = {
			isa = PBXNativeTarget;
			buildConfigurationList = 812B7E3326F5E6C900495050 /* Build configuration list for PBXNativeTarget "UITableViewDemo" */;
			buildPhases = (
				812B7E1626F5E6C500495050 /* Sources */,
				812B7E1726F5E6C500495050 /* Frameworks */,
				812B7E1826F5E6C500495050 /* Resources */,
			);
			buildRules = (
			);
			dependencies = (
			);
			name = UITableViewDemo;
			productName = UITableViewDemo;
			productReference = 812B7E1A26F5E6C500495050 /* UITableViewDemo.app */;
			productType = "com.apple.product-type.application";
		};
/* End PBXNativeTarget section */

/* Begin PBXProject section */
		812B7E1226F5E6C500495050 /* Project object */ = {
			isa = PBXProject;
			attributes = {
				LastUpgradeCheck = 1250;
				TargetAttributes = {
					812B7E1926F5E6C500495050 = {
						CreatedOnToolsVersion = 12.5.1;
					};
				};
			};
			buildConfigurationList = 812B7E1526F5E6C500495050 /* Build configuration list for PBXProject "UITableViewDemo" */;
			compatibilityVersion = "Xcode 9.3";
			developmentRegion = en;
			hasScannedForEncodings = 0;
			knownRegions = (
				en,
				Base,
			);
			mainGroup = 812B7E1126F5E6C500495050;
			productRefGroup = 812B7E1B26F5E6C500495050 /* Products */;
			projectDirPath = "";
			projectRoot = "";
			targets = (
				812B7E1926F5E6C500495050 /* UITableViewDemo */,
			);
		};
/* End PBXProject section */

/* Begin PBXResourcesBuildPhase section */
		812B7E1826F5E6C500495050 /* Resources */ = {
			isa = PBXResourcesBuildPhase;
			buildActionMask = 2147483647;
			files = (
				812B7E2D26F5E6C900495050 /* LaunchScreen.storyboard in Resources */,
				812B7E2A26F5E6C900495050 /* Assets.xcassets in Resources */,
				812B7E2826F5E6C500495050 /* Main.storyboard in Resources */,
				812B7E3C26F97EC700495050 /* source.plist in Resources */,
			);
			runOnlyForDeploymentPostprocessing = 0;
		};
/* End PBXResourcesBuildPhase section */

/* Begin PBXSourcesBuildPhase section */
		812B7E1626F5E6C500495050 /* Sources */ = {
			isa = PBXSourcesBuildPhase;
			buildActionMask = 2147483647;
			files = (
				812B7E2526F5E6C500495050 /* ViewController.m in Sources */,
				81AE2404270DAE5600E08669 /* myTableViewCell.m in Sources */,
				812B7E1F26F5E6C500495050 /* AppDelegate.m in Sources */,
				812B7E3F26F97EE500495050 /* prefetch.m in Sources */,
				812B7E3026F5E6C900495050 /* main.m in Sources */,
				812B7E2226F5E6C500495050 /* SceneDelegate.m in Sources */,
			);
			runOnlyForDeploymentPostprocessing = 0;
		};
/* End PBXSourcesBuildPhase section */

/* Begin PBXVariantGroup section */
		812B7E2626F5E6C500495050 /* Main.storyboard */ = {
			isa = PBXVariantGroup;
			children = (
				812B7E2726F5E6C500495050 /* Base */,
			);
			name = Main.storyboard;
			sourceTree = "<group>";
		};
		812B7E2B26F5E6C900495050 /* LaunchScreen.storyboard */ = {
			isa = PBXVariantGroup;
			children = (
				812B7E2C26F5E6C900495050 /* Base */,
			);
			name = LaunchScreen.storyboard;
			sourceTree = "<group>";
		};
/* End PBXVariantGroup section */

/* Begin XCBuildConfiguration section */
		812B7E3126F5E6C900495050 /* Debug */ = {
			isa = XCBuildConfiguration;
			buildSettings = {
				ALWAYS_SEARCH_USER_PATHS = NO;
				CLANG_ANALYZER_NONNULL = YES;
				CLANG_ANALYZER_NUMBER_OBJECT_CONVERSION = YES_AGGRESSIVE;
				CLANG_CXX_LANGUAGE_STANDARD = "gnu++14";
				CLANG_CXX_LIBRARY = "libc++";
				CLANG_ENABLE_MODULES = YES;
				CLANG_ENABLE_OBJC_ARC = YES;
				CLANG_ENABLE_OBJC_WEAK = YES;
				CLANG_WARN_BLOCK_CAPTURE_AUTORELEASING = YES;
				CLANG_WARN_BOOL_CONVERSION = YES;
				CLANG_WARN_COMMA = YES;
				CLANG_WARN_CONSTANT_CONVERSION = YES;
				CLANG_WARN_DEPRECATED_OBJC_IMPLEMENTATIONS = YES;
				CLANG_WARN_DIRECT_OBJC_ISA_USAGE = YES_ERROR;
				CLANG_WARN_DOCUMENTATION_COMMENTS = YES;
				CLANG_WARN_EMPTY_BODY = YES;
				CLANG_WARN_ENUM_CONVERSION = YES;
				CLANG_WARN_INFINITE_RECURSION = YES;
				CLANG_WARN_INT_CONVERSION = YES;
				CLANG_WARN_NON_LITERAL_NULL_CONVERSION = YES;
				CLANG_WARN_OBJC_IMPLICIT_RETAIN_SELF = YES;
				CLANG_WARN_OBJC_LITERAL_CONVERSION = YES;
				CLANG_WARN_OBJC_ROOT_CLASS = YES_ERROR;
				CLANG_WARN_QUOTED_INCLUDE_IN_FRAMEWORK_HEADER = YES;
				CLANG_WARN_RANGE_LOOP_ANALYSIS = YES;
				CLANG_WARN_STRICT_PROTOTYPES = YES;
				CLANG_WARN_SUSPICIOUS_MOVE = YES;
				CLANG_WARN_UNGUARDED_AVAILABILITY = YES_AGGRESSIVE;
				CLANG_WARN_UNREACHABLE_CODE = YES;
				CLANG_WARN__DUPLICATE_METHOD_MATCH = YES;
				COPY_PHASE_STRIP = NO;
				DEBUG_INFORMATION_FORMAT = dwarf;
				ENABLE_STRICT_OBJC_MSGSEND = YES;
				ENABLE_TESTABILITY = YES;
				GCC_C_LANGUAGE_STANDARD = gnu11;
				GCC_DYNAMIC_NO_PIC = NO;
				GCC_NO_COMMON_BLOCKS = YES;
				GCC_OPTIMIZATION_LEVEL = 0;
				GCC_PREPROCESSOR_DEFINITIONS = (
					"DEBUG=1",
					"$(inherited)",
				);
				GCC_WARN_64_TO_32_BIT_CONVERSION = YES;
				GCC_WARN_ABOUT_RETURN_TYPE = YES_ERROR;
				GCC_WARN_UNDECLARED_SELECTOR = YES;
				GCC_WARN_UNINITIALIZED_AUTOS = YES_AGGRESSIVE;
				GCC_WARN_UNUSED_FUNCTION = YES;
				GCC_WARN_UNUSED_VARIABLE = YES;
				IPHONEOS_DEPLOYMENT_TARGET = 14.5;
				MTL_ENABLE_DEBUG_INFO = INCLUDE_SOURCE;
				MTL_FAST_MATH = YES;
				ONLY_ACTIVE_ARCH = YES;
				SDKROOT = iphoneos;
			};
			name = Debug;
		};
		812B7E3226F5E6C900495050 /* Release */ = {
			isa = XCBuildConfiguration;
			buildSettings = {
				ALWAYS_SEARCH_USER_PATHS = NO;
				CLANG_ANALYZER_NONNULL = YES;
				CLANG_ANALYZER_NUMBER_OBJECT_CONVERSION = YES_AGGRESSIVE;
				CLANG_CXX_LANGUAGE_STANDARD = "gnu++14";
				CLANG_CXX_LIBRARY = "libc++";
				CLANG_ENABLE_MODULES = YES;
				CLANG_ENABLE_OBJC_ARC = YES;
				CLANG_ENABLE_OBJC_WEAK = YES;
				CLANG_WARN_BLOCK_CAPTURE_AUTORELEASING = YES;
				CLANG_WARN_BOOL_CONVERSION = YES;
				CLANG_WARN_COMMA = YES;
				CLANG_WARN_CONSTANT_CONVERSION = YES;
				CLANG_WARN_DEPRECATED_OBJC_IMPLEMENTATIONS = YES;
				CLANG_WARN_DIRECT_OBJC_ISA_USAGE = YES_ERROR;
				CLANG_WARN_DOCUMENTATION_COMMENTS = YES;
				CLANG_WARN_EMPTY_BODY = YES;
				CLANG_WARN_ENUM_CONVERSION = YES;
				CLANG_WARN_INFINITE_RECURSION = YES;
				CLANG_WARN_INT_CONVERSION = YES;
				CLANG_WARN_NON_LITERAL_NULL_CONVERSION = YES;
				CLANG_WARN_OBJC_IMPLICIT_RETAIN_SELF = YES;
				CLANG_WARN_OBJC_LITERAL_CONVERSION = YES;
				CLANG_WARN_OBJC_ROOT_CLASS = YES_ERROR;
				CLANG_WARN_QUOTED_INCLUDE_IN_FRAMEWORK_HEADER = YES;
				CLANG_WARN_RANGE_LOOP_ANALYSIS = YES;
				CLANG_WARN_STRICT_PROTOTYPES = YES;
				CLANG_WARN_SUSPICIOUS_MOVE = YES;
				CLANG_WARN_UNGUARDED_AVAILABILITY = YES_AGGRESSIVE;
				CLANG_WARN_UNREACHABLE_CODE = YES;
				CLANG_WARN__DUPLICATE_METHOD_MATCH = YES;
				COPY_PHASE_STRIP = NO;
				DEBUG_INFORMATION_FORMAT = "dwarf-with-dsym";
				ENABLE_NS_ASSERTIONS = NO;
				ENABLE_STRICT_OBJC_MSGSEND = YES;
				GCC_C_LANGUAGE_STANDARD = gnu11;
				GCC_NO_COMMON_BLOCKS = YES;
				GCC_WARN_64_TO_32_BIT_CONVERSION = YES;
				GCC_WARN_ABOUT_RETURN_TYPE = YES_ERROR;
				GCC_WARN_UNDECLARED_SELECTOR = YES;
				GCC_WARN_UNINITIALIZED_AUTOS = YES_AGGRESSIVE;
				GCC_WARN_UNUSED_FUNCTION = YES;
				GCC_WARN_UNUSED_VARIABLE = YES;
				IPHONEOS_DEPLOYMENT_TARGET = 14.5;
				MTL_ENABLE_DEBUG_INFO = NO;
				MTL_FAST_MATH = YES;
				SDKROOT = iphoneos;
				VALIDATE_PRODUCT = YES;
			};
			name = Release;
		};
		812B7E3426F5E6C900495050 /* Debug */ = {
			isa = XCBuildConfiguration;
			buildSettings = {
				ASSETCATALOG_COMPILER_APPICON_NAME = AppIcon;
				ASSETCATALOG_COMPILER_GLOBAL_ACCENT_COLOR_NAME = AccentColor;
				CODE_SIGN_STYLE = Automatic;
				INFOPLIST_FILE = UITableViewDemo/Info.plist;
				LD_RUNPATH_SEARCH_PATHS = (
					"$(inherited)",
					"@executable_path/Frameworks",
				);
				PRODUCT_BUNDLE_IDENTIFIER = fd.UITableViewDemo;
				PRODUCT_NAME = "$(TARGET_NAME)";
				TARGETED_DEVICE_FAMILY = "1,2";
			};
			name = Debug;
		};
		812B7E3526F5E6C900495050 /* Release */ = {
			isa = XCBuildConfiguration;
			buildSettings = {
				ASSETCATALOG_COMPILER_APPICON_NAME = AppIcon;
				ASSETCATALOG_COMPILER_GLOBAL_ACCENT_COLOR_NAME = AccentColor;
				CODE_SIGN_STYLE = Automatic;
				INFOPLIST_FILE = UITableViewDemo/Info.plist;
				LD_RUNPATH_SEARCH_PATHS = (
					"$(inherited)",
					"@executable_path/Frameworks",
				);
				PRODUCT_BUNDLE_IDENTIFIER = fd.UITableViewDemo;
				PRODUCT_NAME = "$(TARGET_NAME)";
				TARGETED_DEVICE_FAMILY = "1,2";
			};
			name = Release;
		};
/* End XCBuildConfiguration section */

/* Begin XCConfigurationList section */
		812B7E1526F5E6C500495050 /* Build configuration list for PBXProject "UITableViewDemo" */ = {
			isa = XCConfigurationList;
			buildConfigurations = (
				812B7E3126F5E6C900495050 /* Debug */,
				812B7E3226F5E6C900495050 /* Release */,
			);
			defaultConfigurationIsVisible = 0;
			defaultConfigurationName = Release;
		};
		812B7E3326F5E6C900495050 /* Build configuration list for PBXNativeTarget "UITableViewDemo" */ = {
			isa = XCConfigurationList;
			buildConfigurations = (
				812B7E3426F5E6C900495050 /* Debug */,
				812B7E3526F5E6C900495050 /* Release */,
			);
			defaultConfigurationIsVisible = 0;
			defaultConfigurationName = Release;
		};
/* End XCConfigurationList section */
	};
	rootObject = 812B7E1226F5E6C500495050 /* Project object */;
}
